// !$*UTF8*$!
{
	archiveVersion = 1;
	classes = {
	};
	objectVersion = 46;
	objects = {

/* Begin PBXBuildFile section */
		14AB24F31B9D74190097F795 /* AppDelegate.swift in Sources */ = {isa = PBXBuildFile; fileRef = 14AB24F21B9D74190097F795 /* AppDelegate.swift */; };
		14AB24F51B9D74190097F795 /* ViewController.swift in Sources */ = {isa = PBXBuildFile; fileRef = 14AB24F41B9D74190097F795 /* ViewController.swift */; };
		14AB24F81B9D74190097F795 /* Main.storyboard in Resources */ = {isa = PBXBuildFile; fileRef = 14AB24F61B9D74190097F795 /* Main.storyboard */; };
		14AB24FA1B9D74190097F795 /* Images.xcassets in Resources */ = {isa = PBXBuildFile; fileRef = 14AB24F91B9D74190097F795 /* Images.xcassets */; };
		14AB24FD1B9D74190097F795 /* LaunchScreen.xib in Resources */ = {isa = PBXBuildFile; fileRef = 14AB24FB1B9D74190097F795 /* LaunchScreen.xib */; };
		14AB25091B9D74190097F795 /* testTests.swift in Sources */ = {isa = PBXBuildFile; fileRef = 14AB25081B9D74190097F795 /* testTests.swift */; };
/* End PBXBuildFile section */

/* Begin PBXContainerItemProxy section */
		14AB25031B9D74190097F795 /* PBXContainerItemProxy */ = {
			isa = PBXContainerItemProxy;
			containerPortal = 14AB24E51B9D74190097F795 /* Project object */;
			proxyType = 1;
			remoteGlobalIDString = 14AB24EC1B9D74190097F795;
			remoteInfo = test;
		};
/* End PBXContainerItemProxy section */

/* Begin PBXFileReference section */
		14AB24ED1B9D74190097F795 /* test.app */ = {isa = PBXFileReference; explicitFileType = wrapper.application; includeInIndex = 0; path = test.app; sourceTree = BUILT_PRODUCTS_DIR; };
		14AB24F11B9D74190097F795 /* Info.plist */ = {isa = PBXFileReference; lastKnownFileType = text.plist.xml; path = Info.plist; sourceTree = "<group>"; };
		14AB24F21B9D74190097F795 /* AppDelegate.swift */ = {isa = PBXFileReference; lastKnownFileType = sourcecode.swift; path = AppDelegate.swift; sourceTree = "<group>"; };
		14AB24F41B9D74190097F795 /* ViewController.swift */ = {isa = PBXFileReference; lastKnownFileType = sourcecode.swift; path = ViewController.swift; sourceTree = "<group>"; };
		14AB24F71B9D74190097F795 /* Base */ = {isa = PBXFileReference; lastKnownFileType = file.storyboard; name = Base; path = Base.lproj/Main.storyboard; sourceTree = "<group>"; };
		14AB24F91B9D74190097F795 /* Images.xcassets */ = {isa = PBXFileReference; lastKnownFileType = folder.assetcatalog; path = Images.xcassets; sourceTree = "<group>"; };
		14AB24FC1B9D74190097F795 /* Base */ = {isa = PBXFileReference; lastKnownFileType = file.xib; name = Base; path = Base.lproj/LaunchScreen.xib; sourceTree = "<group>"; };
		14AB25021B9D74190097F795 /* testTests.xctest */ = {isa = PBXFileReference; explicitFileType = wrapper.cfbundle; includeInIndex = 0; path = testTests.xctest; sourceTree = BUILT_PRODUCTS_DIR; };
		14AB25071B9D74190097F795 /* Info.plist */ = {isa = PBXFileReference; lastKnownFileType = text.plist.xml; path = Info.plist; sourceTree = "<group>"; };
		14AB25081B9D74190097F795 /* testTests.swift */ = {isa = PBXFileReference; lastKnownFileType = sourcecode.swift; path = testTests.swift; sourceTree = "<group>"; };
/* End PBXFileReference section */

/* Begin PBXFrameworksBuildPhase section */
		14AB24EA1B9D74190097F795 /* Frameworks */ = {
			isa = PBXFrameworksBuildPhase;
			buildActionMask = 2147483647;
			files = (
			);
			runOnlyForDeploymentPostprocessing = 0;
		};
		14AB24FF1B9D74190097F795 /* Frameworks */ = {
			isa = PBXFrameworksBuildPhase;
			buildActionMask = 2147483647;
			files = (
			);
			runOnlyForDeploymentPostprocessing = 0;
		};
/* End PBXFrameworksBuildPhase section */

/* Begin PBXGroup section */
		14AB24E41B9D74190097F795 = {
			isa = PBXGroup;
			children = (
				14AB24EF1B9D74190097F795 /* test */,
				14AB25051B9D74190097F795 /* testTests */,
				14AB24EE1B9D74190097F795 /* Products */,
			);
			sourceTree = "<group>";
		};
		14AB24EE1B9D74190097F795 /* Products */ = {
			isa = PBXGroup;
			children = (
				14AB24ED1B9D74190097F795 /* test.app */,
				14AB25021B9D74190097F795 /* testTests.xctest */,
			);
			name = Products;
			sourceTree = "<group>";
		};
		14AB24EF1B9D74190097F795 /* test */ = {
			isa = PBXGroup;
			children = (
				14AB24F21B9D74190097F795 /* AppDelegate.swift */,
				14AB24F41B9D74190097F795 /* ViewController.swift */,
				14AB24F61B9D74190097F795 /* Main.storyboard */,
				14AB24F91B9D74190097F795 /* Images.xcassets */,
				14AB24FB1B9D74190097F795 /* LaunchScreen.xib */,
				14AB24F01B9D74190097F795 /* Supporting Files */,
			);
			path = test;
			sourceTree = "<group>";
		};
		14AB24F01B9D74190097F795 /* Supporting Files */ = {
			isa = PBXGroup;
			children = (
				14AB24F11B9D74190097F795 /* Info.plist */,
			);
			name = "Supporting Files";
			sourceTree = "<group>";
		};
		14AB25051B9D74190097F795 /* testTests */ = {
			isa = PBXGroup;
			children = (
				14AB25081B9D74190097F795 /* testTests.swift */,
				14AB25061B9D74190097F795 /* Supporting Files */,
			);
			path = testTests;
			sourceTree = "<group>";
		};
		14AB25061B9D74190097F795 /* Supporting Files */ = {
			isa = PBXGroup;
			children = (
				14AB25071B9D74190097F795 /* Info.plist */,
			);
			name = "Supporting Files";
			sourceTree = "<group>";
		};
/* End PBXGroup section */

/* Begin PBXNativeTarget section */
		14AB24EC1B9D74190097F795 /* test */ = {
			isa = PBXNativeTarget;
			buildConfigurationList = 14AB250C1B9D74190097F795 /* Build configuration list for PBXNativeTarget "test" */;
			buildPhases = (
				14AB24E91B9D74190097F795 /* Sources */,
				14AB24EA1B9D74190097F795 /* Frameworks */,
				14AB24EB1B9D74190097F795 /* Resources */,
			);
			buildRules = (
			);
			dependencies = (
			);
			name = test;
			productName = test;
			productReference = 14AB24ED1B9D74190097F795 /* test.app */;
			productType = "com.apple.product-type.application";
		};
		14AB25011B9D74190097F795 /* testTests */ = {
			isa = PBXNativeTarget;
			buildConfigurationList = 14AB250F1B9D74190097F795 /* Build configuration list for PBXNativeTarget "testTests" */;
			buildPhases = (
				14AB24FE1B9D74190097F795 /* Sources */,
				14AB24FF1B9D74190097F795 /* Frameworks */,
				14AB25001B9D74190097F795 /* Resources */,
			);
			buildRules = (
			);
			dependencies = (
				14AB25041B9D74190097F795 /* PBXTargetDependency */,
			);
			name = testTests;
			productName = testTests;
			productReference = 14AB25021B9D74190097F795 /* testTests.xctest */;
			productType = "com.apple.product-type.bundle.unit-test";
		};
/* End PBXNativeTarget section */

/* Begin PBXProject section */
		14AB24E51B9D74190097F795 /* Project object */ = {
			isa = PBXProject;
			attributes = {
				LastUpgradeCheck = 0630;
				ORGANIZATIONNAME = duxca;
				TargetAttributes = {
					14AB24EC1B9D74190097F795 = {
						CreatedOnToolsVersion = 6.3.2;
					};
					14AB25011B9D74190097F795 = {
						CreatedOnToolsVersion = 6.3.2;
						TestTargetID = 14AB24EC1B9D74190097F795;
					};
				};
			};
			buildConfigurationList = 14AB24E81B9D74190097F795 /* Build configuration list for PBXProject "test" */;
			compatibilityVersion = "Xcode 3.2";
			developmentRegion = English;
			hasScannedForEncodings = 0;
			knownRegions = (
				en,
				Base,
			);
			mainGroup = 14AB24E41B9D74190097F795;
			productRefGroup = 14AB24EE1B9D74190097F795 /* Products */;
			projectDirPath = "";
			projectRoot = "";
			targets = (
				14AB24EC1B9D74190097F795 /* test */,
				14AB25011B9D74190097F795 /* testTests */,
			);
		};
/* End PBXProject section */

/* Begin PBXResourcesBuildPhase section */
		14AB24EB1B9D74190097F795 /* Resources */ = {
			isa = PBXResourcesBuildPhase;
			buildActionMask = 2147483647;
			files = (
				14AB24F81B9D74190097F795 /* Main.storyboard in Resources */,
				14AB24FD1B9D74190097F795 /* LaunchScreen.xib in Resources */,
				14AB24FA1B9D74190097F795 /* Images.xcassets in Resources */,
			);
			runOnlyForDeploymentPostprocessing = 0;
		};
		14AB25001B9D74190097F795 /* Resources */ = {
			isa = PBXResourcesBuildPhase;
			buildActionMask = 2147483647;
			files = (
			);
			runOnlyForDeploymentPostprocessing = 0;
		};
/* End PBXResourcesBuildPhase section */

/* Begin PBXSourcesBuildPhase section */
		14AB24E91B9D74190097F795 /* Sources */ = {
			isa = PBXSourcesBuildPhase;
			buildActionMask = 2147483647;
			files = (
				14AB24F51B9D74190097F795 /* ViewController.swift in Sources */,
				14AB24F31B9D74190097F795 /* AppDelegate.swift in Sources */,
			);
			runOnlyForDeploymentPostprocessing = 0;
		};
		14AB24FE1B9D74190097F795 /* Sources */ = {
			isa = PBXSourcesBuildPhase;
			buildActionMask = 2147483647;
			files = (
				14AB25091B9D74190097F795 /* testTests.swift in Sources */,
			);
			runOnlyForDeploymentPostprocessing = 0;
		};
/* End PBXSourcesBuildPhase section */

/* Begin PBXTargetDependency section */
		14AB25041B9D74190097F795 /* PBXTargetDependency */ = {
			isa = PBXTargetDependency;
			target = 14AB24EC1B9D74190097F795 /* test */;
			targetProxy = 14AB25031B9D74190097F795 /* PBXContainerItemProxy */;
		};
/* End PBXTargetDependency section */

/* Begin PBXVariantGroup section */
		14AB24F61B9D74190097F795 /* Main.storyboard */ = {
			isa = PBXVariantGroup;
			children = (
				14AB24F71B9D74190097F795 /* Base */,
			);
			name = Main.storyboard;
			sourceTree = "<group>";
		};
		14AB24FB1B9D74190097F795 /* LaunchScreen.xib */ = {
			isa = PBXVariantGroup;
			children = (
				14AB24FC1B9D74190097F795 /* Base */,
			);
			name = LaunchScreen.xib;
			sourceTree = "<group>";
		};
/* End PBXVariantGroup section */

/* Begin XCBuildConfiguration section */
		14AB250A1B9D74190097F795 /* Debug */ = {
			isa = XCBuildConfiguration;
			buildSettings = {
				ALWAYS_SEARCH_USER_PATHS = NO;
				CLANG_CXX_LANGUAGE_STANDARD = "gnu++0x";
				CLANG_CXX_LIBRARY = "libc++";
				CLANG_ENABLE_MODULES = YES;
				CLANG_ENABLE_OBJC_ARC = YES;
				CLANG_WARN_BOOL_CONVERSION = YES;
				CLANG_WARN_CONSTANT_CONVERSION = YES;
				CLANG_WARN_DIRECT_OBJC_ISA_USAGE = YES_ERROR;
				CLANG_WARN_EMPTY_BODY = YES;
				CLANG_WARN_ENUM_CONVERSION = YES;
				CLANG_WARN_INT_CONVERSION = YES;
				CLANG_WARN_OBJC_ROOT_CLASS = YES_ERROR;
				CLANG_WARN_UNREACHABLE_CODE = YES;
				CLANG_WARN__DUPLICATE_METHOD_MATCH = YES;
				"CODE_SIGN_IDENTITY[sdk=iphoneos*]" = "iPhone Developer";
				COPY_PHASE_STRIP = NO;
				DEBUG_INFORMATION_FORMAT = "dwarf-with-dsym";
				ENABLE_STRICT_OBJC_MSGSEND = YES;
				GCC_C_LANGUAGE_STANDARD = gnu99;
				GCC_DYNAMIC_NO_PIC = NO;
				GCC_NO_COMMON_BLOCKS = YES;
				GCC_OPTIMIZATION_LEVEL = 0;
				GCC_PREPROCESSOR_DEFINITIONS = (
					"DEBUG=1",
					"$(inherited)",
				);
				GCC_SYMBOLS_PRIVATE_EXTERN = NO;
				GCC_WARN_64_TO_32_BIT_CONVERSION = YES;
				GCC_WARN_ABOUT_RETURN_TYPE = YES_ERROR;
				GCC_WARN_UNDECLARED_SELECTOR = YES;
				GCC_WARN_UNINITIALIZED_AUTOS = YES_AGGRESSIVE;
				GCC_WARN_UNUSED_FUNCTION = YES;
				GCC_WARN_UNUSED_VARIABLE = YES;
				IPHONEOS_DEPLOYMENT_TARGET = 8.3;
				MTL_ENABLE_DEBUG_INFO = YES;
				ONLY_ACTIVE_ARCH = YES;
				SDKROOT = iphoneos;
				SWIFT_OPTIMIZATION_LEVEL = "-Onone";
			};
			name = Debug;
		};
		14AB250B1B9D74190097F795 /* Release */ = {
			isa = XCBuildConfiguration;
			buildSettings = {
				ALWAYS_SEARCH_USER_PATHS = NO;
				CLANG_CXX_LANGUAGE_STANDARD = "gnu++0x";
				CLANG_CXX_LIBRARY = "libc++";
				CLANG_ENABLE_MODULES = YES;
				CLANG_ENABLE_OBJC_ARC = YES;
				CLANG_WARN_BOOL_CONVERSION = YES;
				CLANG_WARN_CONSTANT_CONVERSION = YES;
				CLANG_WARN_DIRECT_OBJC_ISA_USAGE = YES_ERROR;
				CLANG_WARN_EMPTY_BODY = YES;
				CLANG_WARN_ENUM_CONVERSION = YES;
				CLANG_WARN_INT_CONVERSION = YES;
				CLANG_WARN_OBJC_ROOT_CLASS = YES_ERROR;
				CLANG_WARN_UNREACHABLE_CODE = YES;
				CLANG_WARN__DUPLICATE_METHOD_MATCH = YES;
				"CODE_SIGN_IDENTITY[sdk=iphoneos*]" = "iPhone Developer";
				COPY_PHASE_STRIP = NO;
				DEBUG_INFORMATION_FORMAT = "dwarf-with-dsym";
				ENABLE_NS_ASSERTIONS = NO;
				ENABLE_STRICT_OBJC_MSGSEND = YES;
				GCC_C_LANGUAGE_STANDARD = gnu99;
				GCC_NO_COMMON_BLOCKS = YES;
				GCC_WARN_64_TO_32_BIT_CONVERSION = YES;
				GCC_WARN_ABOUT_RETURN_TYPE = YES_ERROR;
				GCC_WARN_UNDECLARED_SELECTOR = YES;
				GCC_WARN_UNINITIALIZED_AUTOS = YES_AGGRESSIVE;
				GCC_WARN_UNUSED_FUNCTION = YES;
				GCC_WARN_UNUSED_VARIABLE = YES;
				IPHONEOS_DEPLOYMENT_TARGET = 8.3;
				MTL_ENABLE_DEBUG_INFO = NO;
				SDKROOT = iphoneos;
				VALIDATE_PRODUCT = YES;
			};
			name = Release;
		};
		14AB250D1B9D74190097F795 /* Debug */ = {
			isa = XCBuildConfiguration;
			buildSettings = {
				ASSETCATALOG_COMPILER_APPICON_NAME = AppIcon;
				INFOPLIST_FILE = test/Info.plist;
				LD_RUNPATH_SEARCH_PATHS = "$(inherited) @executable_path/Frameworks";
				PRODUCT_NAME = "$(TARGET_NAME)";
			};
			name = Debug;
		};
		14AB250E1B9D74190097F795 /* Release */ = {
			isa = XCBuildConfiguration;
			buildSettings = {
				ASSETCATALOG_COMPILER_APPICON_NAME = AppIcon;
				INFOPLIST_FILE = test/Info.plist;
				LD_RUNPATH_SEARCH_PATHS = "$(inherited) @executable_path/Frameworks";
				PRODUCT_NAME = "$(TARGET_NAME)";
			};
			name = Release;
		};
		14AB25101B9D74190097F795 /* Debug */ = {
			isa = XCBuildConfiguration;
			buildSettings = {
				BUNDLE_LOADER = "$(TEST_HOST)";
				FRAMEWORK_SEARCH_PATHS = (
					"$(SDKROOT)/Developer/Library/Frameworks",
					"$(inherited)",
				);
				GCC_PREPROCESSOR_DEFINITIONS = (
					"DEBUG=1",
					"$(inherited)",
				);
				INFOPLIST_FILE = testTests/Info.plist;
				LD_RUNPATH_SEARCH_PATHS = "$(inherited) @executable_path/Frameworks @loader_path/Frameworks";
				PRODUCT_NAME = "$(TARGET_NAME)";
				TEST_HOST = "$(BUILT_PRODUCTS_DIR)/test.app/test";
			};
			name = Debug;
		};
		14AB25111B9D74190097F795 /* Release */ = {
			isa = XCBuildConfiguration;
			buildSettings = {
				BUNDLE_LOADER = "$(TEST_HOST)";
				FRAMEWORK_SEARCH_PATHS = (
					"$(SDKROOT)/Developer/Library/Frameworks",
					"$(inherited)",
				);
				INFOPLIST_FILE = testTests/Info.plist;
				LD_RUNPATH_SEARCH_PATHS = "$(inherited) @executable_path/Frameworks @loader_path/Frameworks";
				PRODUCT_NAME = "$(TARGET_NAME)";
				TEST_HOST = "$(BUILT_PRODUCTS_DIR)/test.app/test";
			};
			name = Release;
		};
/* End XCBuildConfiguration section */

/* Begin XCConfigurationList section */
		14AB24E81B9D74190097F795 /* Build configuration list for PBXProject "test" */ = {
			isa = XCConfigurationList;
			buildConfigurations = (
				14AB250A1B9D74190097F795 /* Debug */,
				14AB250B1B9D74190097F795 /* Release */,
			);
			defaultConfigurationIsVisible = 0;
			defaultConfigurationName = Release;
		};
		14AB250C1B9D74190097F795 /* Build configuration list for PBXNativeTarget "test" */ = {
			isa = XCConfigurationList;
			buildConfigurations = (
				14AB250D1B9D74190097F795 /* Debug */,
				14AB250E1B9D74190097F795 /* Release */,
			);
			defaultConfigurationIsVisible = 0;
		};
		14AB250F1B9D74190097F795 /* Build configuration list for PBXNativeTarget "testTests" */ = {
			isa = XCConfigurationList;
			buildConfigurations = (
				14AB25101B9D74190097F795 /* Debug */,
				14AB25111B9D74190097F795 /* Release */,
			);
			defaultConfigurationIsVisible = 0;
		};
/* End XCConfigurationList section */
	};
	rootObject = 14AB24E51B9D74190097F795 /* Project object */;
}
